// !$*UTF8*$!
{
	archiveVersion = 1;
	classes = {
	};
	objectVersion = 46;
	objects = {

/* Begin PBXBuildFile section */
		634211E91DBDAE6500E60B60 /* AppDelegate.swift in Sources */ = {isa = PBXBuildFile; fileRef = 634211E81DBDAE6500E60B60 /* AppDelegate.swift */; };
		634211EB1DBDAE6500E60B60 /* ViewController.swift in Sources */ = {isa = PBXBuildFile; fileRef = 634211EA1DBDAE6500E60B60 /* ViewController.swift */; };
		634211EE1DBDAE6500E60B60 /* Main.storyboard in Resources */ = {isa = PBXBuildFile; fileRef = 634211EC1DBDAE6500E60B60 /* Main.storyboard */; };
		634211F01DBDAE6500E60B60 /* Assets.xcassets in Resources */ = {isa = PBXBuildFile; fileRef = 634211EF1DBDAE6500E60B60 /* Assets.xcassets */; };
		634211F31DBDAE6500E60B60 /* LaunchScreen.storyboard in Resources */ = {isa = PBXBuildFile; fileRef = 634211F11DBDAE6500E60B60 /* LaunchScreen.storyboard */; };
		634211FB1DBDB3E700E60B60 /* README.md in Sources */ = {isa = PBXBuildFile; fileRef = 634211FA1DBDB3E700E60B60 /* README.md */; };
		634211FD1DBDB41100E60B60 /* BaseViewController.swift in Sources */ = {isa = PBXBuildFile; fileRef = 634211FC1DBDB41100E60B60 /* BaseViewController.swift */; };
/* End PBXBuildFile section */

/* Begin PBXFileReference section */
		634211E51DBDAE6500E60B60 /* BaseProject.app */ = {isa = PBXFileReference; explicitFileType = wrapper.application; includeInIndex = 0; path = BaseProject.app; sourceTree = BUILT_PRODUCTS_DIR; };
		634211E81DBDAE6500E60B60 /* AppDelegate.swift */ = {isa = PBXFileReference; lastKnownFileType = sourcecode.swift; path = AppDelegate.swift; sourceTree = "<group>"; };
		634211EA1DBDAE6500E60B60 /* ViewController.swift */ = {isa = PBXFileReference; lastKnownFileType = sourcecode.swift; path = ViewController.swift; sourceTree = "<group>"; };
		634211ED1DBDAE6500E60B60 /* Base */ = {isa = PBXFileReference; lastKnownFileType = file.storyboard; name = Base; path = Base.lproj/Main.storyboard; sourceTree = "<group>"; };
		634211EF1DBDAE6500E60B60 /* Assets.xcassets */ = {isa = PBXFileReference; lastKnownFileType = folder.assetcatalog; path = Assets.xcassets; sourceTree = "<group>"; };
		634211F21DBDAE6500E60B60 /* Base */ = {isa = PBXFileReference; lastKnownFileType = file.storyboard; name = Base; path = Base.lproj/LaunchScreen.storyboard; sourceTree = "<group>"; };
		634211F41DBDAE6500E60B60 /* Info.plist */ = {isa = PBXFileReference; lastKnownFileType = text.plist.xml; path = Info.plist; sourceTree = "<group>"; };
		634211FA1DBDB3E700E60B60 /* README.md */ = {isa = PBXFileReference; fileEncoding = 4; lastKnownFileType = net.daringfireball.markdown; path = README.md; sourceTree = "<group>"; };
		634211FC1DBDB41100E60B60 /* BaseViewController.swift */ = {isa = PBXFileReference; fileEncoding = 4; lastKnownFileType = sourcecode.swift; path = BaseViewController.swift; sourceTree = "<group>"; };
/* End PBXFileReference section */

/* Begin PBXFrameworksBuildPhase section */
		634211E21DBDAE6500E60B60 /* Frameworks */ = {
			isa = PBXFrameworksBuildPhase;
			buildActionMask = 2147483647;
			files = (
			);
			runOnlyForDeploymentPostprocessing = 0;
		};
/* End PBXFrameworksBuildPhase section */

/* Begin PBXGroup section */
		634211DC1DBDAE6500E60B60 = {
			isa = PBXGroup;
			children = (
				634211FA1DBDB3E700E60B60 /* README.md */,
				634211E71DBDAE6500E60B60 /* BaseProject */,
				634211E61DBDAE6500E60B60 /* Products */,
				90F15E87678D109BE5E464F4 /* Frameworks */,
			);
			sourceTree = "<group>";
		};
		634211E61DBDAE6500E60B60 /* Products */ = {
			isa = PBXGroup;
			children = (
				634211E51DBDAE6500E60B60 /* BaseProject.app */,
			);
			name = Products;
			sourceTree = "<group>";
		};
		634211E71DBDAE6500E60B60 /* BaseProject */ = {
			isa = PBXGroup;
			children = (
				634211FF1DBDB43000E60B60 /* Extension */,
				634211FE1DBDB41A00E60B60 /* BaseClass */,
				634211E81DBDAE6500E60B60 /* AppDelegate.swift */,
				634211EA1DBDAE6500E60B60 /* ViewController.swift */,
				634211EC1DBDAE6500E60B60 /* Main.storyboard */,
				634211EF1DBDAE6500E60B60 /* Assets.xcassets */,
				634211F11DBDAE6500E60B60 /* LaunchScreen.storyboard */,
				634211F41DBDAE6500E60B60 /* Info.plist */,
			);
			path = BaseProject;
			sourceTree = "<group>";
		};
		634211FE1DBDB41A00E60B60 /* BaseClass */ = {
			isa = PBXGroup;
			children = (
				634211FC1DBDB41100E60B60 /* BaseViewController.swift */,
			);
			name = BaseClass;
			sourceTree = "<group>";
		};
		634211FF1DBDB43000E60B60 /* Extension */ = {
			isa = PBXGroup;
			children = (
			);
			name = Extension;
			sourceTree = "<group>";
		};
		90F15E87678D109BE5E464F4 /* Frameworks */ = {
			isa = PBXGroup;
			children = (
			);
			name = Frameworks;
			sourceTree = "<group>";
		};
/* End PBXGroup section */

/* Begin PBXNativeTarget section */
		634211E41DBDAE6500E60B60 /* BaseProject */ = {
			isa = PBXNativeTarget;
			buildConfigurationList = 634211F71DBDAE6500E60B60 /* Build configuration list for PBXNativeTarget "BaseProject" */;
			buildPhases = (
				634211E11DBDAE6500E60B60 /* Sources */,
				634211E21DBDAE6500E60B60 /* Frameworks */,
				634211E31DBDAE6500E60B60 /* Resources */,
			);
			buildRules = (
			);
			dependencies = (
			);
			name = BaseProject;
			productName = BaseProject;
			productReference = 634211E51DBDAE6500E60B60 /* BaseProject.app */;
			productType = "com.apple.product-type.application";
		};
/* End PBXNativeTarget section */

/* Begin PBXProject section */
		634211DD1DBDAE6500E60B60 /* Project object */ = {
			isa = PBXProject;
			attributes = {
				LastSwiftUpdateCheck = 0800;
				LastUpgradeCheck = 0800;
				ORGANIZATIONNAME = "任前辈";
				TargetAttributes = {
					634211E41DBDAE6500E60B60 = {
						CreatedOnToolsVersion = 8.0;
						DevelopmentTeam = 73W5STJ9E9;
						LastSwiftMigration = 0800;
						ProvisioningStyle = Automatic;
					};
				};
			};
			buildConfigurationList = 634211E01DBDAE6500E60B60 /* Build configuration list for PBXProject "BaseProject" */;
			compatibilityVersion = "Xcode 3.2";
			developmentRegion = English;
			hasScannedForEncodings = 0;
			knownRegions = (
				en,
				Base,
			);
			mainGroup = 634211DC1DBDAE6500E60B60;
			productRefGroup = 634211E61DBDAE6500E60B60 /* Products */;
			projectDirPath = "";
			projectRoot = "";
			targets = (
				634211E41DBDAE6500E60B60 /* BaseProject */,
			);
		};
/* End PBXProject section */

/* Begin PBXResourcesBuildPhase section */
		634211E31DBDAE6500E60B60 /* Resources */ = {
			isa = PBXResourcesBuildPhase;
			buildActionMask = 2147483647;
			files = (
				634211F31DBDAE6500E60B60 /* LaunchScreen.storyboard in Resources */,
				634211F01DBDAE6500E60B60 /* Assets.xcassets in Resources */,
				634211EE1DBDAE6500E60B60 /* Main.storyboard in Resources */,
			);
			runOnlyForDeploymentPostprocessing = 0;
		};
/* End PBXResourcesBuildPhase section */

/* Begin PBXSourcesBuildPhase section */
		634211E11DBDAE6500E60B60 /* Sources */ = {
			isa = PBXSourcesBuildPhase;
			buildActionMask = 2147483647;
			files = (
				634211FB1DBDB3E700E60B60 /* README.md in Sources */,
				634211FD1DBDB41100E60B60 /* BaseViewController.swift in Sources */,
				634211EB1DBDAE6500E60B60 /* ViewController.swift in Sources */,
				634211E91DBDAE6500E60B60 /* AppDelegate.swift in Sources */,
			);
			runOnlyForDeploymentPostprocessing = 0;
		};
/* End PBXSourcesBuildPhase section */

/* Begin PBXVariantGroup section */
		634211EC1DBDAE6500E60B60 /* Main.storyboard */ = {
			isa = PBXVariantGroup;
			children = (
				634211ED1DBDAE6500E60B60 /* Base */,
			);
			name = Main.storyboard;
			sourceTree = "<group>";
		};
		634211F11DBDAE6500E60B60 /* LaunchScreen.storyboard */ = {
			isa = PBXVariantGroup;
			children = (
				634211F21DBDAE6500E60B60 /* Base */,
			);
			name = LaunchScreen.storyboard;
			sourceTree = "<group>";
		};
/* End PBXVariantGroup section */

/* Begin XCBuildConfiguration section */
		634211F51DBDAE6500E60B60 /* Debug */ = {
			isa = XCBuildConfiguration;
			buildSettings = {
				ALWAYS_SEARCH_USER_PATHS = NO;
				CLANG_ANALYZER_NONNULL = YES;
				CLANG_CXX_LANGUAGE_STANDARD = "gnu++0x";
				CLANG_CXX_LIBRARY = "libc++";
				CLANG_ENABLE_MODULES = YES;
				CLANG_ENABLE_OBJC_ARC = YES;
				CLANG_WARN_BOOL_CONVERSION = YES;
				CLANG_WARN_CONSTANT_CONVERSION = YES;
				CLANG_WARN_DIRECT_OBJC_ISA_USAGE = YES_ERROR;
				CLANG_WARN_DOCUMENTATION_COMMENTS = YES;
				CLANG_WARN_EMPTY_BODY = YES;
				CLANG_WARN_ENUM_CONVERSION = YES;
				CLANG_WARN_INFINITE_RECURSION = YES;
				CLANG_WARN_INT_CONVERSION = YES;
				CLANG_WARN_OBJC_ROOT_CLASS = YES_ERROR;
				CLANG_WARN_SUSPICIOUS_MOVES = YES;
				CLANG_WARN_UNREACHABLE_CODE = YES;
				CLANG_WARN__DUPLICATE_METHOD_MATCH = YES;
				"CODE_SIGN_IDENTITY[sdk=iphoneos*]" = "iPhone Developer";
				COPY_PHASE_STRIP = NO;
				DEBUG_INFORMATION_FORMAT = dwarf;
				ENABLE_STRICT_OBJC_MSGSEND = YES;
				ENABLE_TESTABILITY = YES;
				GCC_C_LANGUAGE_STANDARD = gnu99;
				GCC_DYNAMIC_NO_PIC = NO;
				GCC_NO_COMMON_BLOCKS = YES;
				GCC_OPTIMIZATION_LEVEL = 0;
				GCC_PREPROCESSOR_DEFINITIONS = (
					"DEBUG=1",
					"$(inherited)",
				);
				GCC_WARN_64_TO_32_BIT_CONVERSION = YES;
				GCC_WARN_ABOUT_RETURN_TYPE = YES_ERROR;
				GCC_WARN_UNDECLARED_SELECTOR = YES;
				GCC_WARN_UNINITIALIZED_AUTOS = YES_AGGRESSIVE;
				GCC_WARN_UNUSED_FUNCTION = YES;
				GCC_WARN_UNUSED_VARIABLE = YES;
				IPHONEOS_DEPLOYMENT_TARGET = 10.0;
				MTL_ENABLE_DEBUG_INFO = YES;
				ONLY_ACTIVE_ARCH = YES;
				SDKROOT = iphoneos;
				SWIFT_ACTIVE_COMPILATION_CONDITIONS = DEBUG;
				SWIFT_OPTIMIZATION_LEVEL = "-Onone";
				TARGETED_DEVICE_FAMILY = "1,2";
			};
			name = Debug;
		};
		634211F61DBDAE6500E60B60 /* Release */ = {
			isa = XCBuildConfiguration;
			buildSettings = {
				ALWAYS_SEARCH_USER_PATHS = NO;
				CLANG_ANALYZER_NONNULL = YES;
				CLANG_CXX_LANGUAGE_STANDARD = "gnu++0x";
				CLANG_CXX_LIBRARY = "libc++";
				CLANG_ENABLE_MODULES = YES;
				CLANG_ENABLE_OBJC_ARC = YES;
				CLANG_WARN_BOOL_CONVERSION = YES;
				CLANG_WARN_CONSTANT_CONVERSION = YES;
				CLANG_WARN_DIRECT_OBJC_ISA_USAGE = YES_ERROR;
				CLANG_WARN_DOCUMENTATION_COMMENTS = YES;
				CLANG_WARN_EMPTY_BODY = YES;
				CLANG_WARN_ENUM_CONVERSION = YES;
				CLANG_WARN_INFINITE_RECURSION = YES;
				CLANG_WARN_INT_CONVERSION = YES;
				CLANG_WARN_OBJC_ROOT_CLASS = YES_ERROR;
				CLANG_WARN_SUSPICIOUS_MOVES = YES;
				CLANG_WARN_UNREACHABLE_CODE = YES;
				CLANG_WARN__DUPLICATE_METHOD_MATCH = YES;
				"CODE_SIGN_IDENTITY[sdk=iphoneos*]" = "iPhone Developer";
				COPY_PHASE_STRIP = NO;
				DEBUG_INFORMATION_FORMAT = "dwarf-with-dsym";
				ENABLE_NS_ASSERTIONS = NO;
				ENABLE_STRICT_OBJC_MSGSEND = YES;
				GCC_C_LANGUAGE_STANDARD = gnu99;
				GCC_NO_COMMON_BLOCKS = YES;
				GCC_WARN_64_TO_32_BIT_CONVERSION = YES;
				GCC_WARN_ABOUT_RETURN_TYPE = YES_ERROR;
				GCC_WARN_UNDECLARED_SELECTOR = YES;
				GCC_WARN_UNINITIALIZED_AUTOS = YES_AGGRESSIVE;
				GCC_WARN_UNUSED_FUNCTION = YES;
				GCC_WARN_UNUSED_VARIABLE = YES;
				IPHONEOS_DEPLOYMENT_TARGET = 10.0;
				MTL_ENABLE_DEBUG_INFO = NO;
				SDKROOT = iphoneos;
				SWIFT_OPTIMIZATION_LEVEL = "-Owholemodule";
				TARGETED_DEVICE_FAMILY = "1,2";
				VALIDATE_PRODUCT = YES;
			};
			name = Release;
		};
		634211F81DBDAE6500E60B60 /* Debug */ = {
			isa = XCBuildConfiguration;
			buildSettings = {
				ASSETCATALOG_COMPILER_APPICON_NAME = AppIcon;
				DEVELOPMENT_TEAM = 73W5STJ9E9;
				INFOPLIST_FILE = BaseProject/Info.plist;
				IPHONEOS_DEPLOYMENT_TARGET = 9.0;
				LD_RUNPATH_SEARCH_PATHS = "$(inherited) @executable_path/Frameworks";
				PRODUCT_BUNDLE_IDENTIFIER = com.rqb.BaseProject;
				PRODUCT_NAME = "$(TARGET_NAME)";
				SWIFT_VERSION = 3.0;
			};
			name = Debug;
		};
		634211F91DBDAE6500E60B60 /* Release */ = {
			isa = XCBuildConfiguration;
			buildSettings = {
				ASSETCATALOG_COMPILER_APPICON_NAME = AppIcon;
				DEVELOPMENT_TEAM = 73W5STJ9E9;
				INFOPLIST_FILE = BaseProject/Info.plist;
				IPHONEOS_DEPLOYMENT_TARGET = 9.0;
				LD_RUNPATH_SEARCH_PATHS = "$(inherited) @executable_path/Frameworks";
				PRODUCT_BUNDLE_IDENTIFIER = com.rqb.BaseProject;
				PRODUCT_NAME = "$(TARGET_NAME)";
				SWIFT_VERSION = 3.0;
			};
			name = Release;
		};
/* End XCBuildConfiguration section */

/* Begin XCConfigurationList section */
		634211E01DBDAE6500E60B60 /* Build configuration list for PBXProject "BaseProject" */ = {
			isa = XCConfigurationList;
			buildConfigurations = (
				634211F51DBDAE6500E60B60 /* Debug */,
				634211F61DBDAE6500E60B60 /* Release */,
			);
			defaultConfigurationIsVisible = 0;
			defaultConfigurationName = Release;
		};
		634211F71DBDAE6500E60B60 /* Build configuration list for PBXNativeTarget "BaseProject" */ = {
			isa = XCConfigurationList;
			buildConfigurations = (
				634211F81DBDAE6500E60B60 /* Debug */,
				634211F91DBDAE6500E60B60 /* Release */,
			);
			defaultConfigurationIsVisible = 0;
			defaultConfigurationName = Release;
		};
/* End XCConfigurationList section */
	};
	rootObject = 634211DD1DBDAE6500E60B60 /* Project object */;
}
